# THIS IS AN AUTOGENERATED FILE. DO NOT EDIT THIS FILE DIRECTLY.
# yarn lockfile v1


"@cloudflare/kv-asset-handler@^0.2.0":
  version "0.2.0"
  resolved "https://registry.yarnpkg.com/@cloudflare/kv-asset-handler/-/kv-asset-handler-0.2.0.tgz#c9959bbd7a1c40bd7c674adae98aa8c8d0e5ca68"
  integrity sha512-MVbXLbTcAotOPUj0pAMhVtJ+3/kFkwJqc5qNOleOZTv6QkZZABDMS21dSrSlVswEHwrpWC03e4fWytjqKvuE2A==
  dependencies:
    mime "^3.0.0"

"@cloudflare/workers-types@^3.16.0":
  version "3.16.0"
  resolved "https://registry.yarnpkg.com/@cloudflare/workers-types/-/workers-types-3.16.0.tgz#011658ca3f9810373e0eb4a2b5d6cabe4848d8d6"
  integrity sha512-gaBUSaKS65mN3iKZEgichbXYEmAa/pXkc5Gbt+1BptYphdGkj09ggdsiE4w8g0F/uI1g36QaTKrzVnBAWMipvQ==

"@esbuild-plugins/node-globals-polyfill@^0.1.1":
  version "0.1.1"
  resolved "https://registry.yarnpkg.com/@esbuild-plugins/node-globals-polyfill/-/node-globals-polyfill-0.1.1.tgz#a313ab3efbb2c17c8ce376aa216c627c9b40f9d7"
  integrity sha512-MR0oAA+mlnJWrt1RQVQ+4VYuRJW/P2YmRTv1AsplObyvuBMnPHiizUF95HHYiSsMGLhyGtWufaq2XQg6+iurBg==

"@esbuild-plugins/node-modules-polyfill@^0.1.4":
  version "0.1.4"
  resolved "https://registry.yarnpkg.com/@esbuild-plugins/node-modules-polyfill/-/node-modules-polyfill-0.1.4.tgz#eb2f55da11967b2986c913f1a7957d1c868849c0"
  integrity sha512-uZbcXi0zbmKC/050p3gJnne5Qdzw8vkXIv+c2BW0Lsc1ji1SkrxbKPUy5Efr0blbTu1SL8w4eyfpnSdPg3G0Qg==
  dependencies:
    escape-string-regexp "^4.0.0"
    rollup-plugin-node-polyfills "^0.2.1"

"@iarna/toml@^2.2.5":
  version "2.2.5"
  resolved "https://registry.yarnpkg.com/@iarna/toml/-/toml-2.2.5.tgz#b32366c89b43c6f8cefbdefac778b9c828e3ba8c"
  integrity sha512-trnsAYxU3xnS1gPHPyU961coFyLkh4gAD/0zQ5mymY4yOZ+CYvsPqUbOFSw0aDM4y0tV7tiFxL/1XfXPNC6IPg==

"@miniflare/cache@2.9.0":
  version "2.9.0"
  resolved "https://registry.yarnpkg.com/@miniflare/cache/-/cache-2.9.0.tgz#1a7735eea505d77eaa21561cb18f578e1e8be110"
  integrity sha512-lriPxUEva9TJ01vU9P7pI60s3SsFnb4apWkNwZ+D7CRqyXPipSbapY8BWI2FUIwkEG7xap6UhzeTS76NettCXQ==
  dependencies:
    "@miniflare/core" "2.9.0"
    "@miniflare/shared" "2.9.0"
    http-cache-semantics "^4.1.0"
    undici "5.9.1"

"@miniflare/cli-parser@2.9.0":
  version "2.9.0"
  resolved "https://registry.yarnpkg.com/@miniflare/cli-parser/-/cli-parser-2.9.0.tgz#d1300a972d0b2d51d88a2e50b524ea49f15c1138"
  integrity sha512-gu8Z7NWNcYw6514/yOvajaj3GmebRucx+EEt3p1vKirO+gvFgKAt/puyUN3p7u8ZZmLuLF/B+wVnH3lj8BWKlg==
  dependencies:
    "@miniflare/shared" "2.9.0"
    kleur "^4.1.4"

"@miniflare/core@2.9.0":
  version "2.9.0"
  resolved "https://registry.yarnpkg.com/@miniflare/core/-/core-2.9.0.tgz#f64f9cd4567b868b281cbca051e91fff60934a33"
  integrity sha512-QqSwF6oHvgrFvN5lnrLc6EEagFlZWW+UMU8QdrE8305cNGHrIOxKCA2nte4PVFZUVw/Ts13a0tVhUk3a2fAyxQ==
  dependencies:
    "@iarna/toml" "^2.2.5"
    "@miniflare/queues" "2.9.0"
    "@miniflare/shared" "2.9.0"
    "@miniflare/watcher" "2.9.0"
    busboy "^1.6.0"
    dotenv "^10.0.0"
    kleur "^4.1.4"
    set-cookie-parser "^2.4.8"
    undici "5.9.1"
    urlpattern-polyfill "^4.0.3"

"@miniflare/d1@2.9.0":
  version "2.9.0"
  resolved "https://registry.yarnpkg.com/@miniflare/d1/-/d1-2.9.0.tgz#e59e8d7391331a0da8d03e487bbd35cf54a2dd6b"
  integrity sha512-swK9nzxw1SvVh/4cH3bRR1SBuHQU/YsB8WvuHojxufmgviAD1xhms3XO3rkpAzfKoGM5Oy6DovMe0xUXV/GS0w==
  dependencies:
    "@miniflare/core" "2.9.0"
    "@miniflare/shared" "2.9.0"

"@miniflare/durable-objects@2.9.0":
  version "2.9.0"
  resolved "https://registry.yarnpkg.com/@miniflare/durable-objects/-/durable-objects-2.9.0.tgz#6cf2adf1d93b8cc3fb10d0a693187fdcf8e575e1"
  integrity sha512-7uTvfEUXS7xqwrsWOwWrFUuKc4EiMpVkAWPeYGLB/0TJaJ6N+sZMpYYymdW79TQwPIDfgtpfkIy93MRydqpnrw==
  dependencies:
    "@miniflare/core" "2.9.0"
    "@miniflare/shared" "2.9.0"
    "@miniflare/storage-memory" "2.9.0"
    undici "5.9.1"

"@miniflare/html-rewriter@2.9.0":
  version "2.9.0"
  resolved "https://registry.yarnpkg.com/@miniflare/html-rewriter/-/html-rewriter-2.9.0.tgz#17e4c35a5e169ac2f39e6310b34587fbcd517ea9"
  integrity sha512-K5OB70PtkMo7M+tU46s/cX/j/qtjD9AlJ0hecYswrxVsfrT/YWyrCQJevmShFfJ92h7jPNigbeC3Od3JiVb6QA==
  dependencies:
    "@miniflare/core" "2.9.0"
    "@miniflare/shared" "2.9.0"
    html-rewriter-wasm "^0.4.1"
    undici "5.9.1"

"@miniflare/http-server@2.9.0":
  version "2.9.0"
  resolved "https://registry.yarnpkg.com/@miniflare/http-server/-/http-server-2.9.0.tgz#36102166cf000f2a0a3cecba1e014c0b4fac12c9"
  integrity sha512-IVJMkFfMpecq9WiCTvATEKhMuKPK9fMs2E6zmgexaefr3u1VlNtj2QxBxoPUXkT9xMJQlT5sSKstlRR1XKDz9Q==
  dependencies:
    "@miniflare/core" "2.9.0"
    "@miniflare/shared" "2.9.0"
    "@miniflare/web-sockets" "2.9.0"
    kleur "^4.1.4"
    selfsigned "^2.0.0"
    undici "5.9.1"
    ws "^8.2.2"
    youch "^2.2.2"

"@miniflare/kv@2.9.0":
  version "2.9.0"
  resolved "https://registry.yarnpkg.com/@miniflare/kv/-/kv-2.9.0.tgz#377cad6108e48ec70303ff00a59fd3603789f194"
  integrity sha512-EqG51okY5rDtgjYs2Ny6j6IUVdTlJzDjwBKBIuW+wOV9NsAAzEchKVdYAXc8CyxvkggpYX481HydTD2OzK3INQ==
  dependencies:
    "@miniflare/shared" "2.9.0"

"@miniflare/queues@2.9.0":
  version "2.9.0"
  resolved "https://registry.yarnpkg.com/@miniflare/queues/-/queues-2.9.0.tgz#371e985a9cecbd3a15a35d1e559f0769aeba2abe"
  integrity sha512-cAHWIlLF57rxQaJl19AzXw1k0SOM/uLTlx8r2PylHajZ/RRSs7CkCox3oKA6E5zKyfyxk2M64bmsAFZ9RCA0gw==
  dependencies:
    "@miniflare/shared" "2.9.0"

"@miniflare/r2@2.9.0":
  version "2.9.0"
  resolved "https://registry.yarnpkg.com/@miniflare/r2/-/r2-2.9.0.tgz#c04e676f974c218dc40015b6260bae30ca157f74"
  integrity sha512-aMFWxxciAE3YsVok2OLy3A7hP5+2j/NaK7txmadgoe1CA8HYZyNuvv7v6bn8HKM5gWnJdT8sk4yEbMbBQ7Jv/A==
  dependencies:
    "@miniflare/shared" "2.9.0"
    undici "5.9.1"

"@miniflare/runner-vm@2.9.0":
  version "2.9.0"
  resolved "https://registry.yarnpkg.com/@miniflare/runner-vm/-/runner-vm-2.9.0.tgz#19e15b2fc828393f04e5aadb8f2d0a05118a0047"
  integrity sha512-vewP+Fy7Czb261GmB9x/YtQkoDs/QP9B5LbP0YfJ35bI2C2j940eJLm8JP72IHV7ILtWNOqMc3Ure8uAbpf9NQ==
  dependencies:
    "@miniflare/shared" "2.9.0"

"@miniflare/scheduler@2.9.0":
  version "2.9.0"
  resolved "https://registry.yarnpkg.com/@miniflare/scheduler/-/scheduler-2.9.0.tgz#80ad867af6be452a6caaaab883731921df2b7346"
  integrity sha512-eodSCGkJYi4Z+Imbx/bNScDfDSt5HOypVSYjbFHj+hA2aNOdkGw6a1b6mzwx49jJD3GadIkonZAKD0S114yWMA==
  dependencies:
    "@miniflare/core" "2.9.0"
    "@miniflare/shared" "2.9.0"
    cron-schedule "^3.0.4"

"@miniflare/shared@2.9.0":
  version "2.9.0"
  resolved "https://registry.yarnpkg.com/@miniflare/shared/-/shared-2.9.0.tgz#15f2af93d4a4f5871d6d15e6588c79362db7d1d4"
  integrity sha512-5Ew/Ph0cHDQqKvOlmN70kz+qZW0hdgE9fQBStKLY3vDYhnBEhopbCUChSS+FCcL7WtxVJJVE7iB6J09NQTnQ/A==
  dependencies:
    "@types/better-sqlite3" "^7.6.0"
    kleur "^4.1.4"
    npx-import "^1.1.3"
    picomatch "^2.3.1"

"@miniflare/sites@2.9.0":
  version "2.9.0"
  resolved "https://registry.yarnpkg.com/@miniflare/sites/-/sites-2.9.0.tgz#ba4d60aef5567858d31af5f3c6d3479efb99c434"
  integrity sha512-+tWf7znxSQqXWGzPup8Xqkl8EmLmx+HaLC+UBtWPNnaJZrsjbbVxKwHpmGIdm+wZasEGfQk/82R21gUs9wdZnw==
  dependencies:
    "@miniflare/kv" "2.9.0"
    "@miniflare/shared" "2.9.0"
    "@miniflare/storage-file" "2.9.0"

"@miniflare/storage-file@2.9.0":
  version "2.9.0"
  resolved "https://registry.yarnpkg.com/@miniflare/storage-file/-/storage-file-2.9.0.tgz#7ec646614edad6845f9afb63aa0bff40fa861660"
  integrity sha512-HZHtHfJaLoDzQFddoIMcDGgAJ3/Nee98gwUYusQam7rj9pbEXnWmk54dzjzsDlkQpB/3MBFQNbtN5Bj1NIt0pg==
  dependencies:
    "@miniflare/shared" "2.9.0"
    "@miniflare/storage-memory" "2.9.0"

"@miniflare/storage-memory@2.9.0":
  version "2.9.0"
  resolved "https://registry.yarnpkg.com/@miniflare/storage-memory/-/storage-memory-2.9.0.tgz#a6805dd79f720f94820f7f979f05109d4d292070"
  integrity sha512-p2yrr0omQhv6teDbdzhdBKzoQAFmUBMLEx+PtrO7CJHX15ICD08/pFAFAp96IcljNwZZDchU20Z3AcbldMj6Tw==
  dependencies:
    "@miniflare/shared" "2.9.0"

"@miniflare/watcher@2.9.0":
  version "2.9.0"
  resolved "https://registry.yarnpkg.com/@miniflare/watcher/-/watcher-2.9.0.tgz#cfc27ee4483a73a9d5f5d7a819f4c61d3b852b80"
  integrity sha512-Yqz8Q1He/2chebXvmCft8sMamuUiDQ4FIn0bwiF0+GBP2vvGCmy6SejXZY4ZD4REluPqQSis3CLKcIOWlHnIsw==
  dependencies:
    "@miniflare/shared" "2.9.0"

"@miniflare/web-sockets@2.9.0":
  version "2.9.0"
  resolved "https://registry.yarnpkg.com/@miniflare/web-sockets/-/web-sockets-2.9.0.tgz#e9df5e365a8d5bba800169d268d113ac061f1c9c"
  integrity sha512-Nob9e84m78qeQCka6OQf/JdNOmMkKCkX+i3rg+TYKSSITiMVuyzWp3vz3Ma184lAZiLg44lxBF4ZzENEdi99Kg==
  dependencies:
    "@miniflare/core" "2.9.0"
    "@miniflare/shared" "2.9.0"
    undici "5.9.1"
    ws "^8.2.2"

"@types/better-sqlite3@^7.6.0":
  version "7.6.0"
  resolved "https://registry.yarnpkg.com/@types/better-sqlite3/-/better-sqlite3-7.6.0.tgz#603d1c7a72527dd946e2bf641ed4c0b74a547423"
  integrity sha512-rnSP9vY+fVsF3iJja5yRGBJV63PNBiezJlYrCkqUmQWFoB16cxAHwOkjsAYEu317miOfKaJpa65cbp0P4XJ/jw==
  dependencies:
    "@types/node" "*"

"@types/node@*":
  version "18.7.18"
  resolved "https://registry.yarnpkg.com/@types/node/-/node-18.7.18.tgz#633184f55c322e4fb08612307c274ee6d5ed3154"
  integrity sha512-m+6nTEOadJZuTPkKR/SYK3A2d7FZrgElol9UP1Kae90VVU4a6mxnPuLiIW1m4Cq4gZ/nWb9GrdVXJCoCazDAbg==

"@types/stack-trace@0.0.29":
  version "0.0.29"
  resolved "https://registry.yarnpkg.com/@types/stack-trace/-/stack-trace-0.0.29.tgz#eb7a7c60098edb35630ed900742a5ecb20cfcb4d"
  integrity sha512-TgfOX+mGY/NyNxJLIbDWrO9DjGoVSW9+aB8H2yy1fy32jsvxijhmyJI9fDFgvz3YP4lvJaq9DzdR/M1bOgVc9g==

anymatch@~3.1.2:
  version "3.1.2"
  resolved "https://registry.yarnpkg.com/anymatch/-/anymatch-3.1.2.tgz#c0557c096af32f106198f4f4e2a383537e378716"
  integrity sha512-P43ePfOAIupkguHUycrc4qJ9kz8ZiuOUijaETwX7THt0Y/GNK7v0aa8rY816xWjZ7rJdA5XdMcpVFTKMq+RvWg==
  dependencies:
    normalize-path "^3.0.0"
    picomatch "^2.0.4"

binary-extensions@^2.0.0:
  version "2.2.0"
  resolved "https://registry.yarnpkg.com/binary-extensions/-/binary-extensions-2.2.0.tgz#75f502eeaf9ffde42fc98829645be4ea76bd9e2d"
  integrity sha512-jDctJ/IVQbZoJykoeHbhXpOlNBqGNcwXJKJog42E5HDPUwQTSdjCHdihjj0DlnheQ7blbT6dHOafNAiS8ooQKA==

blake3-wasm@^2.1.5:
  version "2.1.5"
  resolved "https://registry.yarnpkg.com/blake3-wasm/-/blake3-wasm-2.1.5.tgz#b22dbb84bc9419ed0159caa76af4b1b132e6ba52"
  integrity sha512-F1+K8EbfOZE49dtoPtmxUQrpXaBIl3ICvasLh+nJta0xkz+9kF/7uet9fLnwKqhDrmj6g+6K3Tw9yQPUg2ka5g==

braces@~3.0.2:
  version "3.0.2"
  resolved "https://registry.yarnpkg.com/braces/-/braces-3.0.2.tgz#3454e1a462ee8d599e236df336cd9ea4f8afe107"
  integrity sha512-b8um+L1RzM3WDSzvhm6gIz1yfTbBt6YTlcEKAvsmqCZZFw46z626lVj9j1yEPW33H5H+lBQpZMP1k8l+78Ha0A==
  dependencies:
    fill-range "^7.0.1"

buffer-from@^1.0.0:
  version "1.1.2"
  resolved "https://registry.yarnpkg.com/buffer-from/-/buffer-from-1.1.2.tgz#2b146a6fd72e80b4f55d255f35ed59a3a9a41bd5"
  integrity sha512-E+XQCRwSbaaiChtv6k6Dwgc+bx+Bs6vuKJHHl5kox/BaKbhiXzqQOwK4cO22yElGp2OCmjwVhT3HmxgyPGnJfQ==

builtins@^5.0.0:
  version "5.0.1"
  resolved "https://registry.yarnpkg.com/builtins/-/builtins-5.0.1.tgz#87f6db9ab0458be728564fa81d876d8d74552fa9"
  integrity sha512-qwVpFEHNfhYJIzNRBvd2C1kyo6jz3ZSMPyyuR47OPdiKWlbYnZNyDWuyR175qDnAJLiCo5fBBqPb3RiXgWlkOQ==
  dependencies:
    semver "^7.0.0"

busboy@^1.6.0:
  version "1.6.0"
  resolved "https://registry.yarnpkg.com/busboy/-/busboy-1.6.0.tgz#966ea36a9502e43cdb9146962523b92f531f6893"
  integrity sha512-8SFQbg/0hQ9xy3UNTB0YEnsNBbWfhf7RtnzpL7TkBiTBRfrQ9Fxcnz7VJsleJpyp6rVLvXiuORqjlHi5q+PYuA==
  dependencies:
    streamsearch "^1.1.0"

chokidar@^3.5.3:
  version "3.5.3"
  resolved "https://registry.yarnpkg.com/chokidar/-/chokidar-3.5.3.tgz#1cf37c8707b932bd1af1ae22c0432e2acd1903bd"
  integrity sha512-Dr3sfKRP6oTcjf2JmUmFJfeVMvXBdegxB0iVQ5eb2V10uFJUCAS8OByZdVAyVb8xXNz3GjjTgj9kLWsZTqE6kw==
  dependencies:
    anymatch "~3.1.2"
    braces "~3.0.2"
    glob-parent "~5.1.2"
    is-binary-path "~2.1.0"
    is-glob "~4.0.1"
    normalize-path "~3.0.0"
    readdirp "~3.6.0"
  optionalDependencies:
    fsevents "~2.3.2"

cookie@^0.4.1:
  version "0.4.2"
  resolved "https://registry.yarnpkg.com/cookie/-/cookie-0.4.2.tgz#0e41f24de5ecf317947c82fc789e06a884824432"
  integrity sha512-aSWTXFzaKWkvHO1Ny/s+ePFpvKsPnjc551iI41v3ny/ow6tBG5Vd+FuqGNhh1LxOmVzOlGUriIlOaokOvhaStA==

cron-schedule@^3.0.4:
  version "3.0.6"
  resolved "https://registry.yarnpkg.com/cron-schedule/-/cron-schedule-3.0.6.tgz#7d0a3ad9154112fc3720fe43238a43d50e8465e7"
  integrity sha512-izfGgKyzzIyLaeb1EtZ3KbglkS6AKp9cv7LxmiyoOu+fXfol1tQDC0Cof0enVZGNtudTHW+3lfuW9ZkLQss4Wg==

cross-spawn@^7.0.3:
  version "7.0.3"
  resolved "https://registry.yarnpkg.com/cross-spawn/-/cross-spawn-7.0.3.tgz#f73a85b9d5d41d045551c177e2882d4ac85728a6"
  integrity sha512-iRDPJKUPVEND7dHPO8rkbOnPpyDygcDFtWjpeWNCgy8WP2rXcxXL8TskReQl6OrB2G7+UJrags1q15Fudc7G6w==
  dependencies:
    path-key "^3.1.0"
    shebang-command "^2.0.0"
    which "^2.0.1"

dotenv@^10.0.0:
  version "10.0.0"
  resolved "https://registry.yarnpkg.com/dotenv/-/dotenv-10.0.0.tgz#3d4227b8fb95f81096cdd2b66653fb2c7085ba81"
  integrity sha512-rlBi9d8jpv9Sf1klPjNfFAuWDjKLwTIJJ/VxtoTwIR6hnZxcEOQCZg2oIL3MWBYw5GpUDKOEnND7LXTbIpQ03Q==

esbuild-android-64@0.14.51:
  version "0.14.51"
  resolved "https://registry.yarnpkg.com/esbuild-android-64/-/esbuild-android-64-0.14.51.tgz#414a087cb0de8db1e347ecca6c8320513de433db"
  integrity sha512-6FOuKTHnC86dtrKDmdSj2CkcKF8PnqkaIXqvgydqfJmqBazCPdw+relrMlhGjkvVdiiGV70rpdnyFmA65ekBCQ==

esbuild-android-arm64@0.14.51:
  version "0.14.51"
  resolved "https://registry.yarnpkg.com/esbuild-android-arm64/-/esbuild-android-arm64-0.14.51.tgz#55de3bce2aab72bcd2b606da4318ad00fb9c8151"
  integrity sha512-vBtp//5VVkZWmYYvHsqBRCMMi1MzKuMIn5XDScmnykMTu9+TD9v0NMEDqQxvtFToeYmojdo5UCV2vzMQWJcJ4A==

esbuild-darwin-64@0.14.51:
  version "0.14.51"
  resolved "https://registry.yarnpkg.com/esbuild-darwin-64/-/esbuild-darwin-64-0.14.51.tgz#4259f23ed6b4cea2ec8a28d87b7fb9801f093754"
  integrity sha512-YFmXPIOvuagDcwCejMRtCDjgPfnDu+bNeh5FU2Ryi68ADDVlWEpbtpAbrtf/lvFTWPexbgyKgzppNgsmLPr8PA==

esbuild-darwin-arm64@0.14.51:
  version "0.14.51"
  resolved "https://registry.yarnpkg.com/esbuild-darwin-arm64/-/esbuild-darwin-arm64-0.14.51.tgz#d77b4366a71d84e530ba019d540b538b295d494a"
  integrity sha512-juYD0QnSKwAMfzwKdIF6YbueXzS6N7y4GXPDeDkApz/1RzlT42mvX9jgNmyOlWKN7YzQAYbcUEJmZJYQGdf2ow==

esbuild-freebsd-64@0.14.51:
  version "0.14.51"
  resolved "https://registry.yarnpkg.com/esbuild-freebsd-64/-/esbuild-freebsd-64-0.14.51.tgz#27b6587b3639f10519c65e07219d249b01f2ad38"
  integrity sha512-cLEI/aXjb6vo5O2Y8rvVSQ7smgLldwYY5xMxqh/dQGfWO+R1NJOFsiax3IS4Ng300SVp7Gz3czxT6d6qf2cw0g==

esbuild-freebsd-arm64@0.14.51:
  version "0.14.51"
  resolved "https://registry.yarnpkg.com/esbuild-freebsd-arm64/-/esbuild-freebsd-arm64-0.14.51.tgz#63c435917e566808c71fafddc600aca4d78be1ec"
  integrity sha512-TcWVw/rCL2F+jUgRkgLa3qltd5gzKjIMGhkVybkjk6PJadYInPtgtUBp1/hG+mxyigaT7ib+od1Xb84b+L+1Mg==

esbuild-linux-32@0.14.51:
  version "0.14.51"
  resolved "https://registry.yarnpkg.com/esbuild-linux-32/-/esbuild-linux-32-0.14.51.tgz#c3da774143a37e7f11559b9369d98f11f997a5d9"
  integrity sha512-RFqpyC5ChyWrjx8Xj2K0EC1aN0A37H6OJfmUXIASEqJoHcntuV3j2Efr9RNmUhMfNE6yEj2VpYuDteZLGDMr0w==

esbuild-linux-64@0.14.51:
  version "0.14.51"
  resolved "https://registry.yarnpkg.com/esbuild-linux-64/-/esbuild-linux-64-0.14.51.tgz#5d92b67f674e02ae0b4a9de9a757ba482115c4ae"
  integrity sha512-dxjhrqo5i7Rq6DXwz5v+MEHVs9VNFItJmHBe1CxROWNf4miOGoQhqSG8StStbDkQ1Mtobg6ng+4fwByOhoQoeA==

esbuild-linux-arm64@0.14.51:
  version "0.14.51"
  resolved "https://registry.yarnpkg.com/esbuild-linux-arm64/-/esbuild-linux-arm64-0.14.51.tgz#dac84740516e859d8b14e1ecc478dd5241b10c93"
  integrity sha512-D9rFxGutoqQX3xJPxqd6o+kvYKeIbM0ifW2y0bgKk5HPgQQOo2k9/2Vpto3ybGYaFPCE5qTGtqQta9PoP6ZEzw==

esbuild-linux-arm@0.14.51:
  version "0.14.51"
  resolved "https://registry.yarnpkg.com/esbuild-linux-arm/-/esbuild-linux-arm-0.14.51.tgz#b3ae7000696cd53ed95b2b458554ff543a60e106"
  integrity sha512-LsJynDxYF6Neg7ZC7748yweCDD+N8ByCv22/7IAZglIEniEkqdF4HCaa49JNDLw1UQGlYuhOB8ZT/MmcSWzcWg==

esbuild-linux-mips64le@0.14.51:
  version "0.14.51"
  resolved "https://registry.yarnpkg.com/esbuild-linux-mips64le/-/esbuild-linux-mips64le-0.14.51.tgz#dad10770fac94efa092b5a0643821c955a9dd385"
  integrity sha512-vS54wQjy4IinLSlb5EIlLoln8buh1yDgliP4CuEHumrPk4PvvP4kTRIG4SzMXm6t19N0rIfT4bNdAxzJLg2k6A==

esbuild-linux-ppc64le@0.14.51:
  version "0.14.51"
  resolved "https://registry.yarnpkg.com/esbuild-linux-ppc64le/-/esbuild-linux-ppc64le-0.14.51.tgz#b68c2f8294d012a16a88073d67e976edd4850ae0"
  integrity sha512-xcdd62Y3VfGoyphNP/aIV9LP+RzFw5M5Z7ja+zdpQHHvokJM7d0rlDRMN+iSSwvUymQkqZO+G/xjb4/75du8BQ==

esbuild-linux-riscv64@0.14.51:
  version "0.14.51"
  resolved "https://registry.yarnpkg.com/esbuild-linux-riscv64/-/esbuild-linux-riscv64-0.14.51.tgz#608a318b8697123e44c1e185cdf6708e3df50b93"
  integrity sha512-syXHGak9wkAnFz0gMmRBoy44JV0rp4kVCEA36P5MCeZcxFq8+fllBC2t6sKI23w3qd8Vwo9pTADCgjTSf3L3rA==

esbuild-linux-s390x@0.14.51:
  version "0.14.51"
  resolved "https://registry.yarnpkg.com/esbuild-linux-s390x/-/esbuild-linux-s390x-0.14.51.tgz#c9e7791170a3295dba79b93aa452beb9838a8625"
  integrity sha512-kFAJY3dv+Wq8o28K/C7xkZk/X34rgTwhknSsElIqoEo8armCOjMJ6NsMxm48KaWY2h2RUYGtQmr+RGuUPKBhyw==

esbuild-netbsd-64@0.14.51:
  version "0.14.51"
  resolved "https://registry.yarnpkg.com/esbuild-netbsd-64/-/esbuild-netbsd-64-0.14.51.tgz#0abd40b8c2e37fda6f5cc41a04cb2b690823d891"
  integrity sha512-ZZBI7qrR1FevdPBVHz/1GSk1x5GDL/iy42Zy8+neEm/HA7ma+hH/bwPEjeHXKWUDvM36CZpSL/fn1/y9/Hb+1A==

esbuild-openbsd-64@0.14.51:
  version "0.14.51"
  resolved "https://registry.yarnpkg.com/esbuild-openbsd-64/-/esbuild-openbsd-64-0.14.51.tgz#4adba0b7ea7eb1428bb00d8e94c199a949b130e8"
  integrity sha512-7R1/p39M+LSVQVgDVlcY1KKm6kFKjERSX1lipMG51NPcspJD1tmiZSmmBXoY5jhHIu6JL1QkFDTx94gMYK6vfA==

esbuild-sunos-64@0.14.51:
  version "0.14.51"
  resolved "https://registry.yarnpkg.com/esbuild-sunos-64/-/esbuild-sunos-64-0.14.51.tgz#4b8a6d97dfedda30a6e39607393c5c90ebf63891"
  integrity sha512-HoHaCswHxLEYN8eBTtyO0bFEWvA3Kdb++hSQ/lLG7TyKF69TeSG0RNoBRAs45x/oCeWaTDntEZlYwAfQlhEtJA==

esbuild-windows-32@0.14.51:
  version "0.14.51"
  resolved "https://registry.yarnpkg.com/esbuild-windows-32/-/esbuild-windows-32-0.14.51.tgz#d31d8ca0c1d314fb1edea163685a423b62e9ac17"
  integrity sha512-4rtwSAM35A07CBt1/X8RWieDj3ZUHQqUOaEo5ZBs69rt5WAFjP4aqCIobdqOy4FdhYw1yF8Z0xFBTyc9lgPtEg==

esbuild-windows-64@0.14.51:
  version "0.14.51"
  resolved "https://registry.yarnpkg.com/esbuild-windows-64/-/esbuild-windows-64-0.14.51.tgz#7d3c09c8652d222925625637bdc7e6c223e0085d"
  integrity sha512-HoN/5HGRXJpWODprGCgKbdMvrC3A2gqvzewu2eECRw2sYxOUoh2TV1tS+G7bHNapPGI79woQJGV6pFH7GH7qnA==

esbuild-windows-arm64@0.14.51:
  version "0.14.51"
  resolved "https://registry.yarnpkg.com/esbuild-windows-arm64/-/esbuild-windows-arm64-0.14.51.tgz#0220d2304bfdc11bc27e19b2aaf56edf183e4ae9"
  integrity sha512-JQDqPjuOH7o+BsKMSddMfmVJXrnYZxXDHsoLHc0xgmAZkOOCflRmC43q31pk79F9xuyWY45jDBPolb5ZgGOf9g==

esbuild@0.14.51:
  version "0.14.51"
  resolved "https://registry.yarnpkg.com/esbuild/-/esbuild-0.14.51.tgz#1c8ecbc8db3710da03776211dc3ee3448f7aa51e"
  integrity sha512-+CvnDitD7Q5sT7F+FM65sWkF8wJRf+j9fPcprxYV4j+ohmzVj2W7caUqH2s5kCaCJAfcAICjSlKhDCcvDpU7nw==
  optionalDependencies:
    esbuild-android-64 "0.14.51"
    esbuild-android-arm64 "0.14.51"
    esbuild-darwin-64 "0.14.51"
    esbuild-darwin-arm64 "0.14.51"
    esbuild-freebsd-64 "0.14.51"
    esbuild-freebsd-arm64 "0.14.51"
    esbuild-linux-32 "0.14.51"
    esbuild-linux-64 "0.14.51"
    esbuild-linux-arm "0.14.51"
    esbuild-linux-arm64 "0.14.51"
    esbuild-linux-mips64le "0.14.51"
    esbuild-linux-ppc64le "0.14.51"
    esbuild-linux-riscv64 "0.14.51"
    esbuild-linux-s390x "0.14.51"
    esbuild-netbsd-64 "0.14.51"
    esbuild-openbsd-64 "0.14.51"
    esbuild-sunos-64 "0.14.51"
    esbuild-windows-32 "0.14.51"
    esbuild-windows-64 "0.14.51"
    esbuild-windows-arm64 "0.14.51"

escape-string-regexp@^4.0.0:
  version "4.0.0"
  resolved "https://registry.yarnpkg.com/escape-string-regexp/-/escape-string-regexp-4.0.0.tgz#14ba83a5d373e3d311e5afca29cf5bfad965bf34"
  integrity sha512-TtpcNJ3XAzx3Gq8sWRzJaVajRs0uVxA2YAkdb1jm2YkPz4G6egUFAyA3n5vtEIZefPk5Wa4UXbKuS5fKkJWdgA==

estree-walker@^0.6.1:
  version "0.6.1"
  resolved "https://registry.yarnpkg.com/estree-walker/-/estree-walker-0.6.1.tgz#53049143f40c6eb918b23671d1fe3219f3a1b362"
  integrity sha512-SqmZANLWS0mnatqbSfRP5g8OXZC12Fgg1IwNtLsyHDzJizORW4khDfjPqJZsemPWBB2uqykUah5YpQ6epsqC/w==

execa@^6.1.0:
  version "6.1.0"
  resolved "https://registry.yarnpkg.com/execa/-/execa-6.1.0.tgz#cea16dee211ff011246556388effa0818394fb20"
  integrity sha512-QVWlX2e50heYJcCPG0iWtf8r0xjEYfz/OYLGDYH+IyjWezzPNxz63qNFOu0l4YftGWuizFVZHHs8PrLU5p2IDA==
  dependencies:
    cross-spawn "^7.0.3"
    get-stream "^6.0.1"
    human-signals "^3.0.1"
    is-stream "^3.0.0"
    merge-stream "^2.0.0"
    npm-run-path "^5.1.0"
    onetime "^6.0.0"
    signal-exit "^3.0.7"
    strip-final-newline "^3.0.0"

fill-range@^7.0.1:
  version "7.0.1"
  resolved "https://registry.yarnpkg.com/fill-range/-/fill-range-7.0.1.tgz#1919a6a7c75fe38b2c7c77e5198535da9acdda40"
  integrity sha512-qOo9F+dMUmC2Lcb4BbVvnKJxTPjCm+RRpe4gDuGrzkL7mEVl/djYSu2OdQ2Pa302N4oqkSg9ir6jaLWJ2USVpQ==
  dependencies:
    to-regex-range "^5.0.1"

fsevents@~2.3.2:
  version "2.3.2"
  resolved "https://registry.yarnpkg.com/fsevents/-/fsevents-2.3.2.tgz#8a526f78b8fdf4623b709e0b975c52c24c02fd1a"
  integrity sha512-xiqMQR4xAeHTuB9uWm+fFRcIOgKBMiOBP+eXiyT7jsgVCq1bkVygt00oASowB7EdtpOHaaPgKt812P9ab+DDKA==

get-stream@^6.0.1:
  version "6.0.1"
  resolved "https://registry.yarnpkg.com/get-stream/-/get-stream-6.0.1.tgz#a262d8eef67aced57c2852ad6167526a43cbf7b7"
  integrity sha512-ts6Wi+2j3jQjqi70w5AlN8DFnkSwC+MqmxEzdEALB2qXZYV3X/b1CTfgPLGJNMeAWxdPfU8FO1ms3NUfaHCPYg==

glob-parent@~5.1.2:
  version "5.1.2"
  resolved "https://registry.yarnpkg.com/glob-parent/-/glob-parent-5.1.2.tgz#869832c58034fe68a4093c17dc15e8340d8401c4"
  integrity sha512-AOIgSQCepiJYwP3ARnGx+5VnTu2HBYdzbGP45eLw1vr3zB3vZLeyed1sC9hnbcOc9/SrMyM5RPQrkGz4aS9Zow==
  dependencies:
    is-glob "^4.0.1"

html-rewriter-wasm@^0.4.1:
  version "0.4.1"
  resolved "https://registry.yarnpkg.com/html-rewriter-wasm/-/html-rewriter-wasm-0.4.1.tgz#235e3d96c1aa4bfd2182661ee13881e290ff5ff2"
  integrity sha512-lNovG8CMCCmcVB1Q7xggMSf7tqPCijZXaH4gL6iE8BFghdQCbaY5Met9i1x2Ex8m/cZHDUtXK9H6/znKamRP8Q==

http-cache-semantics@^4.1.0:
  version "4.1.0"
  resolved "https://registry.yarnpkg.com/http-cache-semantics/-/http-cache-semantics-4.1.0.tgz#49e91c5cbf36c9b94bcfcd71c23d5249ec74e390"
  integrity sha512-carPklcUh7ROWRK7Cv27RPtdhYhUsela/ue5/jKzjegVvXDqM2ILE9Q2BGn9JZJh1g87cp56su/FgQSzcWS8cQ==

human-signals@^3.0.1:
  version "3.0.1"
  resolved "https://registry.yarnpkg.com/human-signals/-/human-signals-3.0.1.tgz#c740920859dafa50e5a3222da9d3bf4bb0e5eef5"
  integrity sha512-rQLskxnM/5OCldHo+wNXbpVgDn5A17CUoKX+7Sokwaknlq7CdSnphy0W39GU8dw59XiCXmFXDg4fRuckQRKewQ==

is-binary-path@~2.1.0:
  version "2.1.0"
  resolved "https://registry.yarnpkg.com/is-binary-path/-/is-binary-path-2.1.0.tgz#ea1f7f3b80f064236e83470f86c09c254fb45b09"
  integrity sha512-ZMERYes6pDydyuGidse7OsHxtbI7WVeUEozgR/g7rd0xUimYNlvZRE/K2MgZTjWy725IfelLeVcEM97mmtRGXw==
  dependencies:
    binary-extensions "^2.0.0"

is-extglob@^2.1.1:
  version "2.1.1"
  resolved "https://registry.yarnpkg.com/is-extglob/-/is-extglob-2.1.1.tgz#a88c02535791f02ed37c76a1b9ea9773c833f8c2"
  integrity sha512-SbKbANkN603Vi4jEZv49LeVJMn4yGwsbzZworEoyEiutsN3nJYdbO36zfhGJ6QEDpOZIFkDtnq5JRxmvl3jsoQ==

is-glob@^4.0.1, is-glob@~4.0.1:
  version "4.0.3"
  resolved "https://registry.yarnpkg.com/is-glob/-/is-glob-4.0.3.tgz#64f61e42cbbb2eec2071a9dac0b28ba1e65d5084"
  integrity sha512-xelSayHH36ZgE7ZWhli7pW34hNbNl8Ojv5KVmkJD4hBdD3th8Tfk9vYasLM+mXWOZhFkgZfxhLSnrwRr4elSSg==
  dependencies:
    is-extglob "^2.1.1"

is-number@^7.0.0:
  version "7.0.0"
  resolved "https://registry.yarnpkg.com/is-number/-/is-number-7.0.0.tgz#7535345b896734d5f80c4d06c50955527a14f12b"
  integrity sha512-41Cifkg6e8TylSpdtTpeLVMqvSBEVzTttHvERD741+pnZ8ANv0004MRL43QKPDlK9cGvNp6NZWZUBlbGXYxxng==

is-stream@^3.0.0:
  version "3.0.0"
  resolved "https://registry.yarnpkg.com/is-stream/-/is-stream-3.0.0.tgz#e6bfd7aa6bef69f4f472ce9bb681e3e57b4319ac"
  integrity sha512-LnQR4bZ9IADDRSkvpqMGvt/tEJWclzklNgSw48V5EAaAeDd6qGvN8ei6k5p0tvxSR171VmGyHuTiAOfxAbr8kA==

isexe@^2.0.0:
  version "2.0.0"
  resolved "https://registry.yarnpkg.com/isexe/-/isexe-2.0.0.tgz#e8fbf374dc556ff8947a10dcb0572d633f2cfa10"
  integrity sha512-RHxMLp9lnKHGHRng9QFhRCMbYAcVpn69smSGcq3f36xjgVVWThj4qqLbTLlq7Ssj8B+fIQ1EuCEGI2lKsyQeIw==

kleur@^4.1.4:
  version "4.1.5"
  resolved "https://registry.yarnpkg.com/kleur/-/kleur-4.1.5.tgz#95106101795f7050c6c650f350c683febddb1780"
  integrity sha512-o+NO+8WrRiQEE4/7nwRJhN1HWpVmJm511pBHUxPLtp0BUISzlBplORYSmTclCnJvQq2tKu/sgl3xVpkc7ZWuQQ==

lru-cache@^6.0.0:
  version "6.0.0"
  resolved "https://registry.yarnpkg.com/lru-cache/-/lru-cache-6.0.0.tgz#6d6fe6570ebd96aaf90fcad1dafa3b2566db3a94"
  integrity sha512-Jo6dJ04CmSjuznwJSS3pUeWmd/H0ffTlkXXgwZi+eq1UCmqQwCh+eLsYOYCwY991i2Fah4h1BEMCx4qThGbsiA==
  dependencies:
    yallist "^4.0.0"

magic-string@^0.25.3:
  version "0.25.9"
  resolved "https://registry.yarnpkg.com/magic-string/-/magic-string-0.25.9.tgz#de7f9faf91ef8a1c91d02c2e5314c8277dbcdd1c"
  integrity sha512-RmF0AsMzgt25qzqqLc1+MbHmhdx0ojF2Fvs4XnOqz2ZOBXzzkEwc/dJQZCYHAn7v1jbVOjAZfK8msRn4BxO4VQ==
  dependencies:
    sourcemap-codec "^1.4.8"

merge-stream@^2.0.0:
  version "2.0.0"
  resolved "https://registry.yarnpkg.com/merge-stream/-/merge-stream-2.0.0.tgz#52823629a14dd00c9770fb6ad47dc6310f2c1f60"
  integrity sha512-abv/qOcuPfk3URPfDzmZU1LKmuw8kT+0nIHvKrKgFrwifol/doWcdA4ZqsWQ8ENrFKkd67Mfpo/LovbIUsbt3w==

mime@^3.0.0:
  version "3.0.0"
  resolved "https://registry.yarnpkg.com/mime/-/mime-3.0.0.tgz#b374550dca3a0c18443b0c950a6a58f1931cf7a7"
  integrity sha512-jSCU7/VB1loIWBZe14aEYHU/+1UMEHoaO7qxCOVJOw9GgH72VAWppxNcjU+x9a2k3GSIBXNKxXQFqRvvZ7vr3A==

mimic-fn@^4.0.0:
  version "4.0.0"
  resolved "https://registry.yarnpkg.com/mimic-fn/-/mimic-fn-4.0.0.tgz#60a90550d5cb0b239cca65d893b1a53b29871ecc"
  integrity sha512-vqiC06CuhBTUdZH+RYl8sFrL096vA45Ok5ISO6sE/Mr1jRbGH4Csnhi8f3wKVl7x8mO4Au7Ir9D3Oyv1VYMFJw==

miniflare@^2.7.1:
  version "2.9.0"
  resolved "https://registry.yarnpkg.com/miniflare/-/miniflare-2.9.0.tgz#ebd737675ef6067f8514b12a812c28a6d1837bad"
  integrity sha512-HBGQ5Jj6sMU1B1hX6G3ML46ThtUvu1nvxgXjDDmhp2RhWKYj0XvcohW/nPPL/MTP1gpvfT880De9EHmobVsDsw==
  dependencies:
    "@miniflare/cache" "2.9.0"
    "@miniflare/cli-parser" "2.9.0"
    "@miniflare/core" "2.9.0"
    "@miniflare/d1" "2.9.0"
    "@miniflare/durable-objects" "2.9.0"
    "@miniflare/html-rewriter" "2.9.0"
    "@miniflare/http-server" "2.9.0"
    "@miniflare/kv" "2.9.0"
    "@miniflare/queues" "2.9.0"
    "@miniflare/r2" "2.9.0"
    "@miniflare/runner-vm" "2.9.0"
    "@miniflare/scheduler" "2.9.0"
    "@miniflare/shared" "2.9.0"
    "@miniflare/sites" "2.9.0"
    "@miniflare/storage-file" "2.9.0"
    "@miniflare/storage-memory" "2.9.0"
    "@miniflare/web-sockets" "2.9.0"
    kleur "^4.1.4"
    semiver "^1.1.0"
    source-map-support "^0.5.20"
    undici "5.9.1"

mustache@^4.2.0:
  version "4.2.0"
  resolved "https://registry.yarnpkg.com/mustache/-/mustache-4.2.0.tgz#e5892324d60a12ec9c2a73359edca52972bf6f64"
  integrity sha512-71ippSywq5Yb7/tVYyGbkBggbU8H3u5Rz56fH60jGFgr8uHwxs+aSKeqmluIVzM0m0kB7xQjKS6qPfd0b2ZoqQ==

nanoid@^3.3.3:
  version "3.3.4"
  resolved "https://registry.yarnpkg.com/nanoid/-/nanoid-3.3.4.tgz#730b67e3cd09e2deacf03c027c81c9d9dbc5e8ab"
  integrity sha512-MqBkQh/OHTS2egovRtLk45wEyNXwF+cokD+1YPf9u5VfJiRdAiRwB2froX5Co9Rh20xs4siNPm8naNotSD6RBw==

node-forge@^1:
  version "1.3.1"
  resolved "https://registry.yarnpkg.com/node-forge/-/node-forge-1.3.1.tgz#be8da2af243b2417d5f646a770663a92b7e9ded3"
  integrity sha512-dPEtOeMvF9VMcYV/1Wb8CPoVAXtp6MKMlcbAt4ddqmGqUJ6fQZFXkNZNkNlfevtNkGtaSoXf/vNNNSvgrdXwtA==

normalize-path@^3.0.0, normalize-path@~3.0.0:
  version "3.0.0"
  resolved "https://registry.yarnpkg.com/normalize-path/-/normalize-path-3.0.0.tgz#0dcd69ff23a1c9b11fd0978316644a0388216a65"
  integrity sha512-6eZs5Ls3WtCisHWp9S2GUy8dqkpGi4BVSz3GaqiE6ezub0512ESztXUwUB6C6IKbQkY2Pnb/mD4WYojCRwcwLA==

npm-run-path@^5.1.0:
  version "5.1.0"
  resolved "https://registry.yarnpkg.com/npm-run-path/-/npm-run-path-5.1.0.tgz#bc62f7f3f6952d9894bd08944ba011a6ee7b7e00"
  integrity sha512-sJOdmRGrY2sjNTRMbSvluQqg+8X7ZK61yvzBEIDhz4f8z1TZFYABsqjjCBd/0PUNE9M6QDgHJXQkGUEm7Q+l9Q==
  dependencies:
    path-key "^4.0.0"

npx-import@^1.1.3:
  version "1.1.3"
  resolved "https://registry.yarnpkg.com/npx-import/-/npx-import-1.1.3.tgz#680dff2be6cd635ec67fae91c1da544f7303da5c"
  integrity sha512-zy6249FJ81OtPsvz2y0+rgis31EN5wbdwBG2umtEh65W/4onYArHuoUSZ+W+T7BQYK7YF+h9G4CuGPusMCcLOw==
  dependencies:
    execa "^6.1.0"
    parse-package-name "^1.0.0"
    semver "^7.3.7"
    validate-npm-package-name "^4.0.0"

onetime@^6.0.0:
  version "6.0.0"
  resolved "https://registry.yarnpkg.com/onetime/-/onetime-6.0.0.tgz#7c24c18ed1fd2e9bca4bd26806a33613c77d34b4"
  integrity sha512-1FlR+gjXK7X+AsAHso35MnyN5KqGwJRi/31ft6x0M194ht7S+rWAvd7PHss9xSKMzE0asv1pyIHaJYq+BbacAQ==
  dependencies:
    mimic-fn "^4.0.0"

parse-package-name@^1.0.0:
  version "1.0.0"
  resolved "https://registry.yarnpkg.com/parse-package-name/-/parse-package-name-1.0.0.tgz#1a108757e4ffc6889d5e78bcc4932a97c097a5a7"
  integrity sha512-kBeTUtcj+SkyfaW4+KBe0HtsloBJ/mKTPoxpVdA57GZiPerREsUWJOhVj9anXweFiJkm5y8FG1sxFZkZ0SN6wg==

path-key@^3.1.0:
  version "3.1.1"
  resolved "https://registry.yarnpkg.com/path-key/-/path-key-3.1.1.tgz#581f6ade658cbba65a0d3380de7753295054f375"
  integrity sha512-ojmeN0qd+y0jszEtoY48r0Peq5dwMEkIlCOu6Q5f41lfkswXuKtYrhgoTpLnyIcHm24Uhqx+5Tqm2InSwLhE6Q==

path-key@^4.0.0:
  version "4.0.0"
  resolved "https://registry.yarnpkg.com/path-key/-/path-key-4.0.0.tgz#295588dc3aee64154f877adb9d780b81c554bf18"
  integrity sha512-haREypq7xkM7ErfgIyA0z+Bj4AGKlMSdlQE2jvJo6huWD1EdkKYV+G/T4nq0YEF2vgTT8kqMFKo1uHn950r4SQ==

path-to-regexp@^6.2.0:
  version "6.2.1"
  resolved "https://registry.yarnpkg.com/path-to-regexp/-/path-to-regexp-6.2.1.tgz#d54934d6798eb9e5ef14e7af7962c945906918e5"
  integrity sha512-JLyh7xT1kizaEvcaXOQwOc2/Yhw6KZOvPf1S8401UyLk86CU79LN3vl7ztXGm/pZ+YjoyAJ4rxmHwbkBXJX+yw==

picomatch@^2.0.4, picomatch@^2.2.1, picomatch@^2.3.1:
  version "2.3.1"
  resolved "https://registry.yarnpkg.com/picomatch/-/picomatch-2.3.1.tgz#3ba3833733646d9d3e4995946c1365a67fb07a42"
  integrity sha512-JU3teHTNjmE2VCGFzuY8EXzCDVwEqB2a8fsIvwaStHhAWJEeVd1o1QD80CU6+ZdEXXSLbSsuLwJjkCBWqRQUVA==

readdirp@~3.6.0:
  version "3.6.0"
  resolved "https://registry.yarnpkg.com/readdirp/-/readdirp-3.6.0.tgz#74a370bd857116e245b29cc97340cd431a02a6c7"
  integrity sha512-hOS089on8RduqdbhvQ5Z37A0ESjsqz6qnRcffsMU3495FuTdqSm+7bhJ29JvIOsBDEEnan5DPu9t3To9VRlMzA==
  dependencies:
    picomatch "^2.2.1"

rollup-plugin-inject@^3.0.0:
  version "3.0.2"
  resolved "https://registry.yarnpkg.com/rollup-plugin-inject/-/rollup-plugin-inject-3.0.2.tgz#e4233855bfba6c0c12a312fd6649dff9a13ee9f4"
  integrity sha512-ptg9PQwzs3orn4jkgXJ74bfs5vYz1NCZlSQMBUA0wKcGp5i5pA1AO3fOUEte8enhGUC+iapTCzEWw2jEFFUO/w==
  dependencies:
    estree-walker "^0.6.1"
    magic-string "^0.25.3"
    rollup-pluginutils "^2.8.1"

rollup-plugin-node-polyfills@^0.2.1:
  version "0.2.1"
  resolved "https://registry.yarnpkg.com/rollup-plugin-node-polyfills/-/rollup-plugin-node-polyfills-0.2.1.tgz#53092a2744837164d5b8a28812ba5f3ff61109fd"
  integrity sha512-4kCrKPTJ6sK4/gLL/U5QzVT8cxJcofO0OU74tnB19F40cmuAKSzH5/siithxlofFEjwvw1YAhPmbvGNA6jEroA==
  dependencies:
    rollup-plugin-inject "^3.0.0"

rollup-pluginutils@^2.8.1:
  version "2.8.2"
  resolved "https://registry.yarnpkg.com/rollup-pluginutils/-/rollup-pluginutils-2.8.2.tgz#72f2af0748b592364dbd3389e600e5a9444a351e"
  integrity sha512-EEp9NhnUkwY8aif6bxgovPHMoMoNr2FulJziTndpt5H9RdwC47GSGuII9XxpSdzVGM0GWrNPHV6ie1LTNJPaLQ==
  dependencies:
    estree-walker "^0.6.1"

selfsigned@^2.0.0, selfsigned@^2.0.1:
  version "2.1.1"
  resolved "https://registry.yarnpkg.com/selfsigned/-/selfsigned-2.1.1.tgz#18a7613d714c0cd3385c48af0075abf3f266af61"
  integrity sha512-GSL3aowiF7wa/WtSFwnUrludWFoNhftq8bUkH9pkzjpN2XSPOAYEgg6e0sS9s0rZwgJzJiQRPU18A6clnoW5wQ==
  dependencies:
    node-forge "^1"

semiver@^1.1.0:
  version "1.1.0"
  resolved "https://registry.yarnpkg.com/semiver/-/semiver-1.1.0.tgz#9c97fb02c21c7ce4fcf1b73e2c7a24324bdddd5f"
  integrity sha512-QNI2ChmuioGC1/xjyYwyZYADILWyW6AmS1UH6gDj/SFUUUS4MBAWs/7mxnkRPc/F4iHezDP+O8t0dO8WHiEOdg==

semver@^7.0.0, semver@^7.3.7:
  version "7.3.7"
  resolved "https://registry.yarnpkg.com/semver/-/semver-7.3.7.tgz#12c5b649afdbf9049707796e22a4028814ce523f"
  integrity sha512-QlYTucUYOews+WeEujDoEGziz4K6c47V/Bd+LjSSYcA94p+DmINdf7ncaUinThfvZyu13lN9OY1XDxt8C0Tw0g==
  dependencies:
    lru-cache "^6.0.0"

set-cookie-parser@^2.4.8:
  version "2.5.1"
  resolved "https://registry.yarnpkg.com/set-cookie-parser/-/set-cookie-parser-2.5.1.tgz#ddd3e9a566b0e8e0862aca974a6ac0e01349430b"
  integrity sha512-1jeBGaKNGdEq4FgIrORu/N570dwoPYio8lSoYLWmX7sQ//0JY08Xh9o5pBcgmHQ/MbsYp/aZnOe1s1lIsbLprQ==

shebang-command@^2.0.0:
  version "2.0.0"
  resolved "https://registry.yarnpkg.com/shebang-command/-/shebang-command-2.0.0.tgz#ccd0af4f8835fbdc265b82461aaf0c36663f34ea"
  integrity sha512-kHxr2zZpYtdmrN1qDjrrX/Z1rR1kG8Dx+gkpK1G4eXmvXswmcE1hTWBWYUzlraYw1/yZp6YuDY77YtvbN0dmDA==
  dependencies:
    shebang-regex "^3.0.0"

shebang-regex@^3.0.0:
  version "3.0.0"
  resolved "https://registry.yarnpkg.com/shebang-regex/-/shebang-regex-3.0.0.tgz#ae16f1644d873ecad843b0307b143362d4c42172"
  integrity sha512-7++dFhtcx3353uBaq8DDR4NuxBetBzC7ZQOhmTQInHEd6bSrXdiEyzCvG07Z44UYdLShWUyXt5M/yhz8ekcb1A==

signal-exit@^3.0.7:
  version "3.0.7"
  resolved "https://registry.yarnpkg.com/signal-exit/-/signal-exit-3.0.7.tgz#a9a1767f8af84155114eaabd73f99273c8f59ad9"
  integrity sha512-wnD2ZE+l+SPC/uoS0vXeE9L1+0wuaMqKlfz9AMUo38JsyLSBWSFcHR1Rri62LZc12vLr1gb3jl7iwQhgwpAbGQ==

source-map-support@^0.5.20:
  version "0.5.21"
  resolved "https://registry.yarnpkg.com/source-map-support/-/source-map-support-0.5.21.tgz#04fe7c7f9e1ed2d662233c28cb2b35b9f63f6e4f"
  integrity sha512-uBHU3L3czsIyYXKX88fdrGovxdSCoTGDRZ6SYXtSRxLZUzHg5P/66Ht6uoUlHu9EZod+inXhKo3qQgwXUT/y1w==
  dependencies:
    buffer-from "^1.0.0"
    source-map "^0.6.0"

source-map@^0.6.0:
  version "0.6.1"
  resolved "https://registry.yarnpkg.com/source-map/-/source-map-0.6.1.tgz#74722af32e9614e9c287a8d0bbde48b5e2f1a263"
  integrity sha512-UjgapumWlbMhkBgzT7Ykc5YXUT46F0iKu8SGXq0bcwP5dz/h0Plj6enJqjz1Zbq2l5WaqYnrVbwWOWMyF3F47g==

source-map@^0.7.4:
  version "0.7.4"
  resolved "https://registry.yarnpkg.com/source-map/-/source-map-0.7.4.tgz#a9bbe705c9d8846f4e08ff6765acf0f1b0898656"
  integrity sha512-l3BikUxvPOcn5E74dZiq5BGsTb5yEwhaTSzccU6t4sDOH8NWJCstKO5QT2CvtFoK6F0saL7p9xHAqHOlCPJygA==

sourcemap-codec@^1.4.8:
  version "1.4.8"
  resolved "https://registry.yarnpkg.com/sourcemap-codec/-/sourcemap-codec-1.4.8.tgz#ea804bd94857402e6992d05a38ef1ae35a9ab4c4"
  integrity sha512-9NykojV5Uih4lgo5So5dtw+f0JgJX30KCNI8gwhz2J9A15wD0Ml6tjHKwf6fTSa6fAdVBdZeNOs9eJ71qCk8vA==

stack-trace@0.0.10:
  version "0.0.10"
  resolved "https://registry.yarnpkg.com/stack-trace/-/stack-trace-0.0.10.tgz#547c70b347e8d32b4e108ea1a2a159e5fdde19c0"
  integrity sha512-KGzahc7puUKkzyMt+IqAep+TVNbKP+k2Lmwhub39m1AsTSkaDutx56aDCo+HLDzf/D26BIHTJWNiTG1KAJiQCg==

streamsearch@^1.1.0:
  version "1.1.0"
  resolved "https://registry.yarnpkg.com/streamsearch/-/streamsearch-1.1.0.tgz#404dd1e2247ca94af554e841a8ef0eaa238da764"
  integrity sha512-Mcc5wHehp9aXz1ax6bZUyY5afg9u2rv5cqQI3mRrYkGC8rW2hM02jWuwjtL++LS5qinSyhj2QfLyNsuc+VsExg==

strip-final-newline@^3.0.0:
  version "3.0.0"
  resolved "https://registry.yarnpkg.com/strip-final-newline/-/strip-final-newline-3.0.0.tgz#52894c313fbff318835280aed60ff71ebf12b8fd"
  integrity sha512-dOESqjYr96iWYylGObzd39EuNTa5VJxyvVAEm5Jnh7KGo75V43Hk1odPQkNDyXNmUR6k+gEiDVXnjB8HJ3crXw==

to-regex-range@^5.0.1:
  version "5.0.1"
  resolved "https://registry.yarnpkg.com/to-regex-range/-/to-regex-range-5.0.1.tgz#1648c44aae7c8d988a326018ed72f5b4dd0392e4"
  integrity sha512-65P7iz6X5yEr1cwcgvQxbbIw7Uk3gOy5dIdtZ4rDveLqhrdJP+Li/Hx6tyK0NEb+2GCyneCMJiGqrADCSNk8sQ==
  dependencies:
    is-number "^7.0.0"

typescript@^4.8.3:
  version "4.8.3"
  resolved "https://registry.yarnpkg.com/typescript/-/typescript-4.8.3.tgz#d59344522c4bc464a65a730ac695007fdb66dd88"
  integrity sha512-goMHfm00nWPa8UvR/CPSvykqf6dVV8x/dp0c5mFTMTIu0u0FlGWRioyy7Nn0PGAdHxpJZnuO/ut+PpQ8UiHAig==

undici@5.9.1:
  version "5.9.1"
  resolved "https://registry.yarnpkg.com/undici/-/undici-5.9.1.tgz#fc9fd85dd488f965f153314a63d9426a11f3360b"
  integrity sha512-6fB3a+SNnWEm4CJbgo0/CWR8RGcOCQP68SF4X0mxtYTq2VNN8T88NYrWVBAeSX+zb7bny2dx2iYhP3XHi00omg==

urlpattern-polyfill@^4.0.3:
  version "4.0.3"
  resolved "https://registry.yarnpkg.com/urlpattern-polyfill/-/urlpattern-polyfill-4.0.3.tgz#c1fa7a73eb4e6c6a1ffb41b24cf31974f7392d3b"
  integrity sha512-DOE84vZT2fEcl9gqCUTcnAw5ZY5Id55ikUcziSUntuEFL3pRvavg5kwDmTEUJkeCHInTlV/HexFomgYnzO5kdQ==

validate-npm-package-name@^4.0.0:
  version "4.0.0"
  resolved "https://registry.yarnpkg.com/validate-npm-package-name/-/validate-npm-package-name-4.0.0.tgz#fe8f1c50ac20afdb86f177da85b3600f0ac0d747"
  integrity sha512-mzR0L8ZDktZjpX4OB46KT+56MAhl4EIazWP/+G/HPGuvfdaqg4YsCdtOm6U9+LOFyYDoh4dpnpxZRB9MQQns5Q==
  dependencies:
    builtins "^5.0.0"

which@^2.0.1:
  version "2.0.2"
  resolved "https://registry.yarnpkg.com/which/-/which-2.0.2.tgz#7c6a8dd0a636a0327e10b59c9286eee93f3f51b1"
  integrity sha512-BLI3Tl1TW3Pvl70l3yq3Y64i+awpwXqsGBYWkkqMtnbXgrMD+yj7rhW0kuEDxzJaYXGjEW5ogapKNMEKNMjibA==
  dependencies:
    isexe "^2.0.0"

wrangler@2.0.29:
  version "2.0.29"
  resolved "https://registry.yarnpkg.com/wrangler/-/wrangler-2.0.29.tgz#72846ce5d309c05e00feea157c91a78b2a48129f"
  integrity sha512-Z9W48pRpo87qO2WLMU24TFLL5Oq2WUwzqlwVDFrnSpBT+7GRrkAceepKU8V+aOXxLqyUaEzaSVHT3KVPyXh8KQ==
  dependencies:
    "@cloudflare/kv-asset-handler" "^0.2.0"
    "@esbuild-plugins/node-globals-polyfill" "^0.1.1"
    "@esbuild-plugins/node-modules-polyfill" "^0.1.4"
    blake3-wasm "^2.1.5"
    chokidar "^3.5.3"
    esbuild "0.14.51"
    miniflare "^2.7.1"
    nanoid "^3.3.3"
    path-to-regexp "^6.2.0"
    selfsigned "^2.0.1"
    source-map "^0.7.4"
    xxhash-wasm "^1.0.1"
  optionalDependencies:
    fsevents "~2.3.2"

ws@^8.2.2:
  version "8.8.1"
  resolved "https://registry.yarnpkg.com/ws/-/ws-8.8.1.tgz#5dbad0feb7ade8ecc99b830c1d77c913d4955ff0"
  integrity sha512-bGy2JzvzkPowEJV++hF07hAD6niYSr0JzBNo/J29WsB57A2r7Wlc1UFcTR9IzrPvuNVO4B8LGqF8qcpsVOhJCA==

xxhash-wasm@^1.0.1:
  version "1.0.1"
  resolved "https://registry.yarnpkg.com/xxhash-wasm/-/xxhash-wasm-1.0.1.tgz#8a0f0eeb3ab76c16bbb889f5acca286b62d98626"
  integrity sha512-Lc9CTvDrH2vRoiaUzz25q7lRaviMhz90pkx6YxR9EPYtF99yOJnv2cB+CQ0hp/TLoqrUsk8z/W2EN31T568Azw==

yallist@^4.0.0:
  version "4.0.0"
  resolved "https://registry.yarnpkg.com/yallist/-/yallist-4.0.0.tgz#9bb92790d9c0effec63be73519e11a35019a3a72"
  integrity sha512-3wdGidZyq5PB084XLES5TpOSRA3wjXAlIWMhum2kRcv/41Sn2emQ0dycQW4uZXLejwKvg6EsvbdlVL+FYEct7A==

youch@^2.2.2:
  version "2.2.2"
  resolved "https://registry.yarnpkg.com/youch/-/youch-2.2.2.tgz#cb87a359a5c524ebd35eb07ca3a1521dbc7e1a3e"
  integrity sha512-/FaCeG3GkuJwaMR34GHVg0l8jCbafZLHiFowSjqLlqhC6OMyf2tPJBu8UirF7/NI9X/R5ai4QfEKUCOxMAGxZQ==
  dependencies:
    "@types/stack-trace" "0.0.29"
    cookie "^0.4.1"
    mustache "^4.2.0"
    stack-trace "0.0.10"
